
Microsoft Visual Studio Solution File, Format Version 12.00
# Visual Studio Version 17
VisualStudioVersion = 17.5.33424.131
MinimumVisualStudioVersion = 10.0.40219.1
Project("{FAE04EC0-301F-11D3-BF4B-00C04F79EFBC}") = "prova 3Bimestre", "prova 3Bimestre\prova 3Bimestre.csproj", "{81D627FE-EAF4-4E3C-9FE0-E2F6179605DF}"
EndProject
Global
	GlobalSection(SolutionConfigurationPlatforms) = preSolution
		Debug|Any CPU = Debug|Any CPU
		Release|Any CPU = Release|Any CPU
	EndGlobalSection
	GlobalSection(ProjectConfigurationPlatforms) = postSolution
		{81D627FE-EAF4-4E3C-9FE0-E2F6179605DF}.Debug|Any CPU.ActiveCfg = Debug|Any CPU
		{81D627FE-EAF4-4E3C-9FE0-E2F6179605DF}.Debug|Any CPU.Build.0 = Debug|Any CPU
		{81D627FE-EAF4-4E3C-9FE0-E2F6179605DF}.Release|Any CPU.ActiveCfg = Release|Any CPU
		{81D627FE-EAF4-4E3C-9FE0-E2F6179605DF}.Release|Any CPU.Build.0 = Release|Any CPU
	EndGlobalSection
	GlobalSection(SolutionProperties) = preSolution
		HideSolutionNode = FALSE
	EndGlobalSection
	GlobalSection(ExtensibilityGlobals) = postSolution
		SolutionGuid = {2310ECFD-9490-4CBC-89EE-301F27F34ECC}
	EndGlobalSection
EndGlobal
